
Microsoft Visual Studio Solution File, Format Version 12.00
# Visual Studio 15
VisualStudioVersion = 15.0.27703.2035
MinimumVisualStudioVersion = 10.0.40219.1
Project("{888888A0-9F3D-457C-B088-3A5042F75D52}") = "Converter", "Converter\Converter.pyproj", "{1A5A88E9-B7A7-4F2F-BBB3-DF0EDB535693}"
EndProject
Global
	GlobalSection(SolutionConfigurationPlatforms) = preSolution
		Debug|Any CPU = Debug|Any CPU
		Release|Any CPU = Release|Any CPU
	EndGlobalSection
	GlobalSection(ProjectConfigurationPlatforms) = postSolution
		{1A5A88E9-B7A7-4F2F-BBB3-DF0EDB535693}.Debug|Any CPU.ActiveCfg = Debug|Any CPU
		{1A5A88E9-B7A7-4F2F-BBB3-DF0EDB535693}.Release|Any CPU.ActiveCfg = Release|Any CPU
	EndGlobalSection
	GlobalSection(SolutionProperties) = preSolution
		HideSolutionNode = FALSE
	EndGlobalSection
	GlobalSection(ExtensibilityGlobals) = postSolution
		SolutionGuid = {D26B599D-7A1E-4770-BC67-D7590B0E5BBD}
	EndGlobalSection
EndGlobal
